
Microsoft Visual Studio Solution File, Format Version 12.00
# Visual Studio Version 17
VisualStudioVersion = 17.0.32112.339
MinimumVisualStudioVersion = 10.0.40219.1
Project("{FAE04EC0-301F-11D3-BF4B-00C04F79EFBC}") = "MonitoringProj", "MonitoringProj\MonitoringProj.csproj", "{8648BC78-5277-4464-81CC-874E3A345593}"
EndProject
Global
	GlobalSection(SolutionConfigurationPlatforms) = preSolution
		Debug|Any CPU = Debug|Any CPU
		Release|Any CPU = Release|Any CPU
	EndGlobalSection
	GlobalSection(ProjectConfigurationPlatforms) = postSolution
		{8648BC78-5277-4464-81CC-874E3A345593}.Debug|Any CPU.ActiveCfg = Debug|Any CPU
		{8648BC78-5277-4464-81CC-874E3A345593}.Debug|Any CPU.Build.0 = Debug|Any CPU
		{8648BC78-5277-4464-81CC-874E3A345593}.Release|Any CPU.ActiveCfg = Release|Any CPU
		{8648BC78-5277-4464-81CC-874E3A345593}.Release|Any CPU.Build.0 = Release|Any CPU
	EndGlobalSection
	GlobalSection(SolutionProperties) = preSolution
		HideSolutionNode = FALSE
	EndGlobalSection
	GlobalSection(ExtensibilityGlobals) = postSolution
		SolutionGuid = {10FB7716-F7B8-4C89-87ED-6995782D2F88}
	EndGlobalSection
EndGlobal
